
Microsoft Visual Studio Solution File, Format Version 12.00
# Visual Studio Version 16
VisualStudioVersion = 16.0.29324.140
MinimumVisualStudioVersion = 10.0.40219.1
Project("{FAE04EC0-301F-11D3-BF4B-00C04F79EFBC}") = "Exceptions", "Exceptions\Exceptions.csproj", "{697EADFE-27BA-484F-87A0-0C5499AED3A2}"
EndProject
Project("{FAE04EC0-301F-11D3-BF4B-00C04F79EFBC}") = "Error_Handling", "Error_Handling\Error_Handling.csproj", "{4EA13B4F-B34F-4BAB-AD5D-3A854490A489}"
EndProject
Project("{FAE04EC0-301F-11D3-BF4B-00C04F79EFBC}") = "Day4_Abstraction", "Day4_Abstraction\Day4_Abstraction.csproj", "{23DBB991-299E-4DC3-B535-B8627E660E52}"
EndProject
Project("{FAE04EC0-301F-11D3-BF4B-00C04F79EFBC}") = "ConsoleHelpers", "ConsoleHelpers\ConsoleHelpers.csproj", "{F94571B6-F5C7-4E80-94E2-E7B953DCB7D0}"
EndProject
Project("{FAE04EC0-301F-11D3-BF4B-00C04F79EFBC}") = "Blackjack", "Blackjack\Blackjack.csproj", "{19AD9430-65D3-4335-B742-94198E0DE580}"
EndProject
Project("{2150E333-8FDC-42A3-9474-1A3956D46DE8}") = "Web_examples", "Web_examples", "{6C24BD87-10DA-4BE8-83B8-893998EF927D}"
	ProjectSection(SolutionItems) = preProject
		IndexHtml.html = IndexHtml.html
		JavaScriptSample.html = JavaScriptSample.html
		ScriptJS.js = ScriptJS.js
		StorePage.html = StorePage.html
		StyleCSS.css = StyleCSS.css
	EndProjectSection
EndProject
Project("{FAE04EC0-301F-11D3-BF4B-00C04F79EFBC}") = "LogicSample", "LogicSample\LogicSample.csproj", "{B1172623-DF27-4EC2-81D9-F3E6A9988185}"
EndProject
Project("{FAE04EC0-301F-11D3-BF4B-00C04F79EFBC}") = "LogicSample.Tests", "LogicSample.Tests\LogicSample.Tests.csproj", "{6BB6F89C-BB49-4E84-80E1-50C89B5C4D13}"
EndProject
Project("{FAE04EC0-301F-11D3-BF4B-00C04F79EFBC}") = "Webshop.Logic.Tests", "Webshop.Logic.Tests\Webshop.Logic.Tests.csproj", "{C00E2776-3486-4A71-A025-AD960E721C6E}"
EndProject
Project("{FAE04EC0-301F-11D3-BF4B-00C04F79EFBC}") = "WebShop", "WebShop\WebShop.csproj", "{21851E8D-3B84-42F9-8582-CEC3BAF1DD78}"
EndProject
Project("{9A19103F-16F7-4668-BE54-9A1E7A4F7556}") = "WebSample", "WebSample\WebSample.csproj", "{F35A038B-ECA4-4330-806C-34D52009C661}"
EndProject
Project("{9A19103F-16F7-4668-BE54-9A1E7A4F7556}") = "WebShopApp", "WebShopApp\WebShopApp.csproj", "{86025BDA-427F-44F7-A2AC-70A9C1C45E43}"
EndProject
Project("{2150E333-8FDC-42A3-9474-1A3956D46DE8}") = "Advertisments", "Advertisments", "{D6FD0A92-D307-4B75-8155-BF3651A65F63}"
EndProject
Project("{9A19103F-16F7-4668-BE54-9A1E7A4F7556}") = "AdApp", "AdApp\AdApp.csproj", "{6D91237F-F311-4AA4-872F-0B09216B5F28}"
EndProject
Project("{FAE04EC0-301F-11D3-BF4B-00C04F79EFBC}") = "AdsAppLogic", "AdsAppLogic\AdsAppLogic.csproj", "{2E2720E4-37C3-4A35-B1BF-6D89A911E1BD}"
EndProject
Project("{2150E333-8FDC-42A3-9474-1A3956D46DE8}") = "Previous projects", "Previous projects", "{CC44AEA0-7EFF-4DC1-BAD8-DDCB589F98CA}"
EndProject
Project("{2150E333-8FDC-42A3-9474-1A3956D46DE8}") = "Solution Items", "Solution Items", "{C618EFEB-FF48-498F-9B00-C055561CF3C8}"
	ProjectSection(SolutionItems) = preProject
		Database_script.sql = Database_script.sql
		EmployeeDB.sql = EmployeeDB.sql
	EndProjectSection
EndProject
Global
	GlobalSection(SolutionConfigurationPlatforms) = preSolution
		Debug|Any CPU = Debug|Any CPU
		Release|Any CPU = Release|Any CPU
	EndGlobalSection
	GlobalSection(ProjectConfigurationPlatforms) = postSolution
		{697EADFE-27BA-484F-87A0-0C5499AED3A2}.Debug|Any CPU.ActiveCfg = Debug|Any CPU
		{697EADFE-27BA-484F-87A0-0C5499AED3A2}.Debug|Any CPU.Build.0 = Debug|Any CPU
		{697EADFE-27BA-484F-87A0-0C5499AED3A2}.Release|Any CPU.ActiveCfg = Release|Any CPU
		{697EADFE-27BA-484F-87A0-0C5499AED3A2}.Release|Any CPU.Build.0 = Release|Any CPU
		{4EA13B4F-B34F-4BAB-AD5D-3A854490A489}.Debug|Any CPU.ActiveCfg = Debug|Any CPU
		{4EA13B4F-B34F-4BAB-AD5D-3A854490A489}.Debug|Any CPU.Build.0 = Debug|Any CPU
		{4EA13B4F-B34F-4BAB-AD5D-3A854490A489}.Release|Any CPU.ActiveCfg = Release|Any CPU
		{4EA13B4F-B34F-4BAB-AD5D-3A854490A489}.Release|Any CPU.Build.0 = Release|Any CPU
		{23DBB991-299E-4DC3-B535-B8627E660E52}.Debug|Any CPU.ActiveCfg = Debug|Any CPU
		{23DBB991-299E-4DC3-B535-B8627E660E52}.Debug|Any CPU.Build.0 = Debug|Any CPU
		{23DBB991-299E-4DC3-B535-B8627E660E52}.Release|Any CPU.ActiveCfg = Release|Any CPU
		{23DBB991-299E-4DC3-B535-B8627E660E52}.Release|Any CPU.Build.0 = Release|Any CPU
		{F94571B6-F5C7-4E80-94E2-E7B953DCB7D0}.Debug|Any CPU.ActiveCfg = Debug|Any CPU
		{F94571B6-F5C7-4E80-94E2-E7B953DCB7D0}.Debug|Any CPU.Build.0 = Debug|Any CPU
		{F94571B6-F5C7-4E80-94E2-E7B953DCB7D0}.Release|Any CPU.ActiveCfg = Release|Any CPU
		{F94571B6-F5C7-4E80-94E2-E7B953DCB7D0}.Release|Any CPU.Build.0 = Release|Any CPU
		{19AD9430-65D3-4335-B742-94198E0DE580}.Debug|Any CPU.ActiveCfg = Debug|Any CPU
		{19AD9430-65D3-4335-B742-94198E0DE580}.Debug|Any CPU.Build.0 = Debug|Any CPU
		{19AD9430-65D3-4335-B742-94198E0DE580}.Release|Any CPU.ActiveCfg = Release|Any CPU
		{19AD9430-65D3-4335-B742-94198E0DE580}.Release|Any CPU.Build.0 = Release|Any CPU
		{B1172623-DF27-4EC2-81D9-F3E6A9988185}.Debug|Any CPU.ActiveCfg = Debug|Any CPU
		{B1172623-DF27-4EC2-81D9-F3E6A9988185}.Debug|Any CPU.Build.0 = Debug|Any CPU
		{B1172623-DF27-4EC2-81D9-F3E6A9988185}.Release|Any CPU.ActiveCfg = Release|Any CPU
		{B1172623-DF27-4EC2-81D9-F3E6A9988185}.Release|Any CPU.Build.0 = Release|Any CPU
		{6BB6F89C-BB49-4E84-80E1-50C89B5C4D13}.Debug|Any CPU.ActiveCfg = Debug|Any CPU
		{6BB6F89C-BB49-4E84-80E1-50C89B5C4D13}.Debug|Any CPU.Build.0 = Debug|Any CPU
		{6BB6F89C-BB49-4E84-80E1-50C89B5C4D13}.Release|Any CPU.ActiveCfg = Release|Any CPU
		{6BB6F89C-BB49-4E84-80E1-50C89B5C4D13}.Release|Any CPU.Build.0 = Release|Any CPU
		{C00E2776-3486-4A71-A025-AD960E721C6E}.Debug|Any CPU.ActiveCfg = Debug|Any CPU
		{C00E2776-3486-4A71-A025-AD960E721C6E}.Debug|Any CPU.Build.0 = Debug|Any CPU
		{C00E2776-3486-4A71-A025-AD960E721C6E}.Release|Any CPU.ActiveCfg = Release|Any CPU
		{C00E2776-3486-4A71-A025-AD960E721C6E}.Release|Any CPU.Build.0 = Release|Any CPU
		{21851E8D-3B84-42F9-8582-CEC3BAF1DD78}.Debug|Any CPU.ActiveCfg = Debug|Any CPU
		{21851E8D-3B84-42F9-8582-CEC3BAF1DD78}.Debug|Any CPU.Build.0 = Debug|Any CPU
		{21851E8D-3B84-42F9-8582-CEC3BAF1DD78}.Release|Any CPU.ActiveCfg = Release|Any CPU
		{21851E8D-3B84-42F9-8582-CEC3BAF1DD78}.Release|Any CPU.Build.0 = Release|Any CPU
		{F35A038B-ECA4-4330-806C-34D52009C661}.Debug|Any CPU.ActiveCfg = Debug|Any CPU
		{F35A038B-ECA4-4330-806C-34D52009C661}.Debug|Any CPU.Build.0 = Debug|Any CPU
		{F35A038B-ECA4-4330-806C-34D52009C661}.Release|Any CPU.ActiveCfg = Release|Any CPU
		{F35A038B-ECA4-4330-806C-34D52009C661}.Release|Any CPU.Build.0 = Release|Any CPU
		{86025BDA-427F-44F7-A2AC-70A9C1C45E43}.Debug|Any CPU.ActiveCfg = Debug|Any CPU
		{86025BDA-427F-44F7-A2AC-70A9C1C45E43}.Debug|Any CPU.Build.0 = Debug|Any CPU
		{86025BDA-427F-44F7-A2AC-70A9C1C45E43}.Release|Any CPU.ActiveCfg = Release|Any CPU
		{86025BDA-427F-44F7-A2AC-70A9C1C45E43}.Release|Any CPU.Build.0 = Release|Any CPU
		{6D91237F-F311-4AA4-872F-0B09216B5F28}.Debug|Any CPU.ActiveCfg = Debug|Any CPU
		{6D91237F-F311-4AA4-872F-0B09216B5F28}.Debug|Any CPU.Build.0 = Debug|Any CPU
		{6D91237F-F311-4AA4-872F-0B09216B5F28}.Release|Any CPU.ActiveCfg = Release|Any CPU
		{6D91237F-F311-4AA4-872F-0B09216B5F28}.Release|Any CPU.Build.0 = Release|Any CPU
		{2E2720E4-37C3-4A35-B1BF-6D89A911E1BD}.Debug|Any CPU.ActiveCfg = Debug|Any CPU
		{2E2720E4-37C3-4A35-B1BF-6D89A911E1BD}.Debug|Any CPU.Build.0 = Debug|Any CPU
		{2E2720E4-37C3-4A35-B1BF-6D89A911E1BD}.Release|Any CPU.ActiveCfg = Release|Any CPU
		{2E2720E4-37C3-4A35-B1BF-6D89A911E1BD}.Release|Any CPU.Build.0 = Release|Any CPU
	EndGlobalSection
	GlobalSection(SolutionProperties) = preSolution
		HideSolutionNode = FALSE
	EndGlobalSection
	GlobalSection(NestedProjects) = preSolution
		{4EA13B4F-B34F-4BAB-AD5D-3A854490A489} = {CC44AEA0-7EFF-4DC1-BAD8-DDCB589F98CA}
		{23DBB991-299E-4DC3-B535-B8627E660E52} = {CC44AEA0-7EFF-4DC1-BAD8-DDCB589F98CA}
		{19AD9430-65D3-4335-B742-94198E0DE580} = {6C24BD87-10DA-4BE8-83B8-893998EF927D}
		{6C24BD87-10DA-4BE8-83B8-893998EF927D} = {CC44AEA0-7EFF-4DC1-BAD8-DDCB589F98CA}
		{B1172623-DF27-4EC2-81D9-F3E6A9988185} = {CC44AEA0-7EFF-4DC1-BAD8-DDCB589F98CA}
		{6BB6F89C-BB49-4E84-80E1-50C89B5C4D13} = {CC44AEA0-7EFF-4DC1-BAD8-DDCB589F98CA}
		{F35A038B-ECA4-4330-806C-34D52009C661} = {CC44AEA0-7EFF-4DC1-BAD8-DDCB589F98CA}
		{6D91237F-F311-4AA4-872F-0B09216B5F28} = {D6FD0A92-D307-4B75-8155-BF3651A65F63}
		{2E2720E4-37C3-4A35-B1BF-6D89A911E1BD} = {D6FD0A92-D307-4B75-8155-BF3651A65F63}
	EndGlobalSection
	GlobalSection(ExtensibilityGlobals) = postSolution
		SolutionGuid = {81F5579D-9342-4A07-8D13-9581B37DE9EC}
	EndGlobalSection
EndGlobal
